
Microsoft Visual Studio Solution File, Format Version 12.00
Project("{FAE04EC0-301F-11D3-BF4B-00C04F79EFBC}") = "StimulusChallenge.API", "StimulusChallenge.API\StimulusChallenge.API.csproj", "{5979D69F-BAB4-4FC2-9CCB-AE38178E68CF}"
EndProject
Global
	GlobalSection(SolutionConfigurationPlatforms) = preSolution
		Debug|Any CPU = Debug|Any CPU
		Release|Any CPU = Release|Any CPU
	EndGlobalSection
	GlobalSection(ProjectConfigurationPlatforms) = postSolution
		{5979D69F-BAB4-4FC2-9CCB-AE38178E68CF}.Debug|Any CPU.ActiveCfg = Debug|Any CPU
		{5979D69F-BAB4-4FC2-9CCB-AE38178E68CF}.Debug|Any CPU.Build.0 = Debug|Any CPU
		{5979D69F-BAB4-4FC2-9CCB-AE38178E68CF}.Release|Any CPU.ActiveCfg = Release|Any CPU
		{5979D69F-BAB4-4FC2-9CCB-AE38178E68CF}.Release|Any CPU.Build.0 = Release|Any CPU
	EndGlobalSection
EndGlobal
